<?xml version="1.0" encoding="utf-8"?>
<Project xmlns="http://schemas.microsoft.com/developer/msbuild/2003" ToolsVersion="4.0">
  <ItemGroup>
    <Filter Include="header">
      <UniqueIdentifier>{84099CFA-C7E1-45AC-BDD2-D5C3A8258C1D}</UniqueIdentifier>
      <Extensions>h;hpp</Extensions>
    </Filter>
    <Filter Include="resource">
      <UniqueIdentifier>{964092E3-E0CF-42D0-9D2E-C057246E125D}</UniqueIdentifier>
      <Extensions>hlsl;jpg;jpeg;png;wav;mp3;ico;dds;rc;obj</Extensions>
    </Filter>
    <Filter Include="source">
      <UniqueIdentifier>{5781EFA1-F32E-47F6-9AD2-E04FD0EFFA8E}</UniqueIdentifier>
      <Extensions>cpp;c</Extensions>
    </Filter>
  </ItemGroup>
  <ItemGroup>
    <ClCompile Include="..\..\..\src\PVZ\Bullet.cpp">
      <Filter>source</Filter>
    </ClCompile>
    <ClCompile Include="..\..\..\src\PVZ\FirstScene.cpp">
      <Filter>source</Filter>
    </ClCompile>
    <ClCompile Include="..\..\..\src\PVZ\PlantState.cpp">
      <Filter>source</Filter>
    </ClCompile>
    <ClCompile Include="..\..\..\src\PVZ\main.cpp">
      <Filter>source</Filter>
    </ClCompile>
    <ClCompile Include="..\..\..\src\PVZ\Plant.cpp">
      <Filter>source</Filter>
    </ClCompile>
    <ClCompile Include="..\..\..\src\PVZ\StateBase.cpp">
      <Filter>source</Filter>
    </ClCompile>
    <ClCompile Include="..\..\..\src\PVZ\StateMachine.cpp">
      <Filter>source</Filter>
    </ClCompile>
    <ClCompile Include="..\..\..\src\PVZ\Zombi.cpp">
      <Filter>source</Filter>
    </ClCompile>
    <ClInclude Include="..\..\..\src\PVZ\Bullet.h">
      <Filter>header</Filter>
    </ClInclude>
    <ClInclude Include="..\..\..\src\PVZ\FirstScene.h">
      <Filter>header</Filter>
    </ClInclude>
    <ClInclude Include="..\..\..\src\PVZ\main.h">
      <Filter>header</Filter>
    </ClInclude>
    <ClInclude Include="..\..\..\src\PVZ\Plant.h">
      <Filter>header</Filter>
    </ClInclude>
    <ClInclude Include="..\..\..\src\PVZ\PlantState.h">
      <Filter>header</Filter>
    </ClInclude>
    <ClInclude Include="..\..\..\src\PVZ\resource.h">
      <Filter>header</Filter>
    </ClInclude>
    <ClInclude Include="..\..\..\src\PVZ\StateBase.h">
      <Filter>header</Filter>
    </ClInclude>
    <ClInclude Include="..\..\..\src\PVZ\StateMachine.h">
      <Filter>header</Filter>
    </ClInclude>
    <ClInclude Include="..\..\..\src\PVZ\Zombi.h">
      <Filter>header</Filter>
    </ClInclude>
    <None Include="..\..\..\src\PVZ\app.ico">
      <Filter>resource</Filter>
    </None>
    <None Include="..\..\..\src\PVZ\app.rc">
      <Filter>resource</Filter>
    </None>
    <None Include="..\..\..\src\PVZ\small.ico">
      <Filter>resource</Filter>
    </None>
  </ItemGroup>
</Project>